// !$*UTF8*$!
{
	archiveVersion = 1;
	classes = {
	};
	objectVersion = 50;
	objects = {

/* Begin PBXBuildFile section */
		0C25B0B6269864EF0003F768 /* SoundVisualizer.swift in Sources */ = {isa = PBXBuildFile; fileRef = 0C25B0B5269864EF0003F768 /* SoundVisualizer.swift */; };
		0C25B0B7269864EF0003F768 /* SoundVisualizer.swift in Sources */ = {isa = PBXBuildFile; fileRef = 0C25B0B5269864EF0003F768 /* SoundVisualizer.swift */; };
		0C25B0B9269864F60003F768 /* BarView.swift in Sources */ = {isa = PBXBuildFile; fileRef = 0C25B0B8269864F60003F768 /* BarView.swift */; };
		0C25B0BA269864F60003F768 /* BarView.swift in Sources */ = {isa = PBXBuildFile; fileRef = 0C25B0B8269864F60003F768 /* BarView.swift */; };
		0C25B0BC269865070003F768 /* MicrophoneMonitor.swift in Sources */ = {isa = PBXBuildFile; fileRef = 0C25B0BB269865070003F768 /* MicrophoneMonitor.swift */; };
		0C25B0BD269865070003F768 /* MicrophoneMonitor.swift in Sources */ = {isa = PBXBuildFile; fileRef = 0C25B0BB269865070003F768 /* MicrophoneMonitor.swift */; };
		0C25B0BF269867720003F768 /* Player.swift in Sources */ = {isa = PBXBuildFile; fileRef = 0C25B0BE269867720003F768 /* Player.swift */; };
		0C25B0C0269867720003F768 /* Player.swift in Sources */ = {isa = PBXBuildFile; fileRef = 0C25B0BE269867720003F768 /* Player.swift */; };
		0C25B0C6269871560003F768 /* Room.swift in Sources */ = {isa = PBXBuildFile; fileRef = 0C25B0C5269871560003F768 /* Room.swift */; };
		0C25B0C7269871560003F768 /* Room.swift in Sources */ = {isa = PBXBuildFile; fileRef = 0C25B0C5269871560003F768 /* Room.swift */; };
		0C46040726A06831002F246F /* LobbyView.swift in Sources */ = {isa = PBXBuildFile; fileRef = 0C46040626A06831002F246F /* LobbyView.swift */; };
		0C46040826A06831002F246F /* LobbyView.swift in Sources */ = {isa = PBXBuildFile; fileRef = 0C46040626A06831002F246F /* LobbyView.swift */; };
		0C46040926A06831002F246F /* LobbyView.swift in Sources */ = {isa = PBXBuildFile; fileRef = 0C46040626A06831002F246F /* LobbyView.swift */; };
		0C6668632697B7F600254BC5 /* SceneDelegate.swift in Sources */ = {isa = PBXBuildFile; fileRef = 0C6668612697B7F600254BC5 /* SceneDelegate.swift */; };
		0C6668642697B7F600254BC5 /* SceneDelegate.swift in Sources */ = {isa = PBXBuildFile; fileRef = 0C6668612697B7F600254BC5 /* SceneDelegate.swift */; };
		0C6668652697B7F600254BC5 /* AppDelegate.swift in Sources */ = {isa = PBXBuildFile; fileRef = 0C6668622697B7F600254BC5 /* AppDelegate.swift */; };
		0C6668662697B7F600254BC5 /* AppDelegate.swift in Sources */ = {isa = PBXBuildFile; fileRef = 0C6668622697B7F600254BC5 /* AppDelegate.swift */; };
		0C6668692697B81A00254BC5 /* GameView.swift in Sources */ = {isa = PBXBuildFile; fileRef = 0C6668672697B81A00254BC5 /* GameView.swift */; };
		0C66686A2697B81A00254BC5 /* GameView.swift in Sources */ = {isa = PBXBuildFile; fileRef = 0C6668672697B81A00254BC5 /* GameView.swift */; };
		0C66686B2697B81A00254BC5 /* ContentView.swift in Sources */ = {isa = PBXBuildFile; fileRef = 0C6668682697B81A00254BC5 /* ContentView.swift */; };
		0C66686C2697B81A00254BC5 /* ContentView.swift in Sources */ = {isa = PBXBuildFile; fileRef = 0C6668682697B81A00254BC5 /* ContentView.swift */; };
		0C66686F2697B82700254BC5 /* GameModel.swift in Sources */ = {isa = PBXBuildFile; fileRef = 0C66686E2697B82700254BC5 /* GameModel.swift */; };
		0C6668702697B82700254BC5 /* GameModel.swift in Sources */ = {isa = PBXBuildFile; fileRef = 0C66686E2697B82700254BC5 /* GameModel.swift */; };
		0C6668732697B82C00254BC5 /* GameViewModel.swift in Sources */ = {isa = PBXBuildFile; fileRef = 0C6668722697B82C00254BC5 /* GameViewModel.swift */; };
		0C6668742697B82C00254BC5 /* GameViewModel.swift in Sources */ = {isa = PBXBuildFile; fileRef = 0C6668722697B82C00254BC5 /* GameViewModel.swift */; };
		0C6668762697B84000254BC5 /* LaunchScreen.storyboard in Resources */ = {isa = PBXBuildFile; fileRef = 0C6668752697B84000254BC5 /* LaunchScreen.storyboard */; };
		0C6668772697B84000254BC5 /* LaunchScreen.storyboard in Resources */ = {isa = PBXBuildFile; fileRef = 0C6668752697B84000254BC5 /* LaunchScreen.storyboard */; };
		0C6668792697B8DD00254BC5 /* GameCenterHelper.swift in Sources */ = {isa = PBXBuildFile; fileRef = 0C6668782697B8DD00254BC5 /* GameCenterHelper.swift */; };
		0C66687A2697B8DD00254BC5 /* GameCenterHelper.swift in Sources */ = {isa = PBXBuildFile; fileRef = 0C6668782697B8DD00254BC5 /* GameCenterHelper.swift */; };
		0C66687C2697B8E100254BC5 /* GameViewController.swift in Sources */ = {isa = PBXBuildFile; fileRef = 0C66687B2697B8E100254BC5 /* GameViewController.swift */; };
		0C66687D2697B8E100254BC5 /* GameViewController.swift in Sources */ = {isa = PBXBuildFile; fileRef = 0C66687B2697B8E100254BC5 /* GameViewController.swift */; };
		0C6668802697B95800254BC5 /* Info.plist in Resources */ = {isa = PBXBuildFile; fileRef = 0C66687E2697B95800254BC5 /* Info.plist */; };
		0C96EC07269F09E20030269C /* MenuView.swift in Sources */ = {isa = PBXBuildFile; fileRef = 0C96EC06269F09E20030269C /* MenuView.swift */; };
		0C96EC08269F09E20030269C /* MenuView.swift in Sources */ = {isa = PBXBuildFile; fileRef = 0C96EC06269F09E20030269C /* MenuView.swift */; };
		0C96EC09269F09E20030269C /* MenuView.swift in Sources */ = {isa = PBXBuildFile; fileRef = 0C96EC06269F09E20030269C /* MenuView.swift */; };
		0C96EC0B269F16D00030269C /* LoadingView.swift in Sources */ = {isa = PBXBuildFile; fileRef = 0C96EC0A269F16D00030269C /* LoadingView.swift */; };
		0C96EC0C269F16D00030269C /* LoadingView.swift in Sources */ = {isa = PBXBuildFile; fileRef = 0C96EC0A269F16D00030269C /* LoadingView.swift */; };
		0C96EC0D269F16D00030269C /* LoadingView.swift in Sources */ = {isa = PBXBuildFile; fileRef = 0C96EC0A269F16D00030269C /* LoadingView.swift */; };
		0C96EC0F269F21400030269C /* LobbyViewController.swift in Sources */ = {isa = PBXBuildFile; fileRef = 0C96EC0E269F21400030269C /* LobbyViewController.swift */; };
		0C96EC10269F21400030269C /* LobbyViewController.swift in Sources */ = {isa = PBXBuildFile; fileRef = 0C96EC0E269F21400030269C /* LobbyViewController.swift */; };
		0C96EC11269F21400030269C /* LobbyViewController.swift in Sources */ = {isa = PBXBuildFile; fileRef = 0C96EC0E269F21400030269C /* LobbyViewController.swift */; };
		0C96EC14269F32530030269C /* String + localized.swift in Sources */ = {isa = PBXBuildFile; fileRef = 0C96EC13269F32530030269C /* String + localized.swift */; };
		0C96EC19269F32C80030269C /* LanguageStrings.strings in Resources */ = {isa = PBXBuildFile; fileRef = 0C96EC16269F32C80030269C /* LanguageStrings.strings */; };
		0CCF1229268DE428001175DB /* Assets.xcassets in Resources */ = {isa = PBXBuildFile; fileRef = 0CCF1228268DE428001175DB /* Assets.xcassets */; };
		0CCF122C268DE428001175DB /* Preview Assets.xcassets in Resources */ = {isa = PBXBuildFile; fileRef = 0CCF122B268DE428001175DB /* Preview Assets.xcassets */; };
		0CCF1237268DE429001175DB /* iBerroTests.swift in Sources */ = {isa = PBXBuildFile; fileRef = 0CCF1236268DE429001175DB /* iBerroTests.swift */; };
		0CCF1242268DE429001175DB /* iBerroUITests.swift in Sources */ = {isa = PBXBuildFile; fileRef = 0CCF1241268DE429001175DB /* iBerroUITests.swift */; };
		B4400CDF269F21F000612998 /* MusicPlayer.swift in Sources */ = {isa = PBXBuildFile; fileRef = B4400CDE269F21F000612998 /* MusicPlayer.swift */; };
		B4400CE1269F37AB00612998 /* MusicAPI.swift in Sources */ = {isa = PBXBuildFile; fileRef = B4DF5CE0269DCFD8005A88A7 /* MusicAPI.swift */; };
		B4DF5CDC269DCDD0005A88A7 /* SwiftyJSON.swift in Sources */ = {isa = PBXBuildFile; fileRef = B4DF5CDB269DCDD0005A88A7 /* SwiftyJSON.swift */; };
		B4DF5CDD269DCDED005A88A7 /* SwiftyJSON.swift in Sources */ = {isa = PBXBuildFile; fileRef = B4DF5CDB269DCDD0005A88A7 /* SwiftyJSON.swift */; };
		B4DF5CDF269DCF70005A88A7 /* Song.swift in Sources */ = {isa = PBXBuildFile; fileRef = B4DF5CDE269DCF70005A88A7 /* Song.swift */; };
		B4DF5CE1269DCFD8005A88A7 /* MusicAPI.swift in Sources */ = {isa = PBXBuildFile; fileRef = B4DF5CE0269DCFD8005A88A7 /* MusicAPI.swift */; };
/* End PBXBuildFile section */

/* Begin PBXContainerItemProxy section */
		0CCF1233268DE429001175DB /* PBXContainerItemProxy */ = {
			isa = PBXContainerItemProxy;
			containerPortal = 0CCF1219268DE426001175DB /* Project object */;
			proxyType = 1;
			remoteGlobalIDString = 0CCF1220268DE426001175DB;
			remoteInfo = iBerro;
		};
		0CCF123E268DE429001175DB /* PBXContainerItemProxy */ = {
			isa = PBXContainerItemProxy;
			containerPortal = 0CCF1219268DE426001175DB /* Project object */;
			proxyType = 1;
			remoteGlobalIDString = 0CCF1220268DE426001175DB;
			remoteInfo = iBerro;
		};
/* End PBXContainerItemProxy section */

/* Begin PBXFileReference section */
		0C25B0B5269864EF0003F768 /* SoundVisualizer.swift */ = {isa = PBXFileReference; fileEncoding = 4; lastKnownFileType = sourcecode.swift; path = SoundVisualizer.swift; sourceTree = "<group>"; };
		0C25B0B8269864F60003F768 /* BarView.swift */ = {isa = PBXFileReference; fileEncoding = 4; lastKnownFileType = sourcecode.swift; path = BarView.swift; sourceTree = "<group>"; };
		0C25B0BB269865070003F768 /* MicrophoneMonitor.swift */ = {isa = PBXFileReference; fileEncoding = 4; lastKnownFileType = sourcecode.swift; path = MicrophoneMonitor.swift; sourceTree = "<group>"; };
		0C25B0BE269867720003F768 /* Player.swift */ = {isa = PBXFileReference; lastKnownFileType = sourcecode.swift; path = Player.swift; sourceTree = "<group>"; };
		0C25B0C5269871560003F768 /* Room.swift */ = {isa = PBXFileReference; lastKnownFileType = sourcecode.swift; path = Room.swift; sourceTree = "<group>"; };
		0C46040626A06831002F246F /* LobbyView.swift */ = {isa = PBXFileReference; lastKnownFileType = sourcecode.swift; path = LobbyView.swift; sourceTree = "<group>"; };
		0C6668612697B7F600254BC5 /* SceneDelegate.swift */ = {isa = PBXFileReference; fileEncoding = 4; lastKnownFileType = sourcecode.swift; path = SceneDelegate.swift; sourceTree = "<group>"; };
		0C6668622697B7F600254BC5 /* AppDelegate.swift */ = {isa = PBXFileReference; fileEncoding = 4; lastKnownFileType = sourcecode.swift; path = AppDelegate.swift; sourceTree = "<group>"; };
		0C6668672697B81A00254BC5 /* GameView.swift */ = {isa = PBXFileReference; fileEncoding = 4; lastKnownFileType = sourcecode.swift; path = GameView.swift; sourceTree = "<group>"; };
		0C6668682697B81A00254BC5 /* ContentView.swift */ = {isa = PBXFileReference; fileEncoding = 4; lastKnownFileType = sourcecode.swift; path = ContentView.swift; sourceTree = "<group>"; };
		0C66686E2697B82700254BC5 /* GameModel.swift */ = {isa = PBXFileReference; fileEncoding = 4; lastKnownFileType = sourcecode.swift; path = GameModel.swift; sourceTree = "<group>"; };
		0C6668722697B82C00254BC5 /* GameViewModel.swift */ = {isa = PBXFileReference; fileEncoding = 4; lastKnownFileType = sourcecode.swift; path = GameViewModel.swift; sourceTree = "<group>"; };
		0C6668752697B84000254BC5 /* LaunchScreen.storyboard */ = {isa = PBXFileReference; fileEncoding = 4; lastKnownFileType = file.storyboard; path = LaunchScreen.storyboard; sourceTree = "<group>"; };
		0C6668782697B8DD00254BC5 /* GameCenterHelper.swift */ = {isa = PBXFileReference; fileEncoding = 4; lastKnownFileType = sourcecode.swift; path = GameCenterHelper.swift; sourceTree = "<group>"; };
		0C66687B2697B8E100254BC5 /* GameViewController.swift */ = {isa = PBXFileReference; fileEncoding = 4; lastKnownFileType = sourcecode.swift; path = GameViewController.swift; sourceTree = "<group>"; };
		0C66687E2697B95800254BC5 /* Info.plist */ = {isa = PBXFileReference; fileEncoding = 4; lastKnownFileType = text.plist.xml; path = Info.plist; sourceTree = "<group>"; };
		0C96EC06269F09E20030269C /* MenuView.swift */ = {isa = PBXFileReference; lastKnownFileType = sourcecode.swift; path = MenuView.swift; sourceTree = "<group>"; };
		0C96EC0A269F16D00030269C /* LoadingView.swift */ = {isa = PBXFileReference; lastKnownFileType = sourcecode.swift; path = LoadingView.swift; sourceTree = "<group>"; };
		0C96EC0E269F21400030269C /* LobbyViewController.swift */ = {isa = PBXFileReference; lastKnownFileType = sourcecode.swift; path = LobbyViewController.swift; sourceTree = "<group>"; };
		0C96EC13269F32530030269C /* String + localized.swift */ = {isa = PBXFileReference; fileEncoding = 4; lastKnownFileType = sourcecode.swift; path = "String + localized.swift"; sourceTree = "<group>"; };
		0C96EC17269F32C80030269C /* en */ = {isa = PBXFileReference; lastKnownFileType = text.plist.strings; name = en; path = en.lproj/LanguageStrings.strings; sourceTree = "<group>"; };
		0C96EC18269F32C80030269C /* pt-BR */ = {isa = PBXFileReference; lastKnownFileType = text.plist.strings; name = "pt-BR"; path = "pt-BR.lproj/LanguageStrings.strings"; sourceTree = "<group>"; };
		0CCF1221268DE426001175DB /* iBerro.app */ = {isa = PBXFileReference; explicitFileType = wrapper.application; includeInIndex = 0; path = iBerro.app; sourceTree = BUILT_PRODUCTS_DIR; };
		0CCF1228268DE428001175DB /* Assets.xcassets */ = {isa = PBXFileReference; lastKnownFileType = folder.assetcatalog; path = Assets.xcassets; sourceTree = "<group>"; };
		0CCF122B268DE428001175DB /* Preview Assets.xcassets */ = {isa = PBXFileReference; lastKnownFileType = folder.assetcatalog; path = "Preview Assets.xcassets"; sourceTree = "<group>"; };
		0CCF1232268DE429001175DB /* iBerroTests.xctest */ = {isa = PBXFileReference; explicitFileType = wrapper.cfbundle; includeInIndex = 0; path = iBerroTests.xctest; sourceTree = BUILT_PRODUCTS_DIR; };
		0CCF1236268DE429001175DB /* iBerroTests.swift */ = {isa = PBXFileReference; lastKnownFileType = sourcecode.swift; path = iBerroTests.swift; sourceTree = "<group>"; };
		0CCF1238268DE429001175DB /* Info.plist */ = {isa = PBXFileReference; lastKnownFileType = text.plist.xml; path = Info.plist; sourceTree = "<group>"; };
		0CCF123D268DE429001175DB /* iBerroUITests.xctest */ = {isa = PBXFileReference; explicitFileType = wrapper.cfbundle; includeInIndex = 0; path = iBerroUITests.xctest; sourceTree = BUILT_PRODUCTS_DIR; };
		0CCF1241268DE429001175DB /* iBerroUITests.swift */ = {isa = PBXFileReference; lastKnownFileType = sourcecode.swift; path = iBerroUITests.swift; sourceTree = "<group>"; };
		0CCF1243268DE429001175DB /* Info.plist */ = {isa = PBXFileReference; lastKnownFileType = text.plist.xml; path = Info.plist; sourceTree = "<group>"; };
		B4400CDE269F21F000612998 /* MusicPlayer.swift */ = {isa = PBXFileReference; lastKnownFileType = sourcecode.swift; path = MusicPlayer.swift; sourceTree = "<group>"; };
		B4DF5CDB269DCDD0005A88A7 /* SwiftyJSON.swift */ = {isa = PBXFileReference; fileEncoding = 4; lastKnownFileType = sourcecode.swift; path = SwiftyJSON.swift; sourceTree = "<group>"; };
		B4DF5CDE269DCF70005A88A7 /* Song.swift */ = {isa = PBXFileReference; lastKnownFileType = sourcecode.swift; path = Song.swift; sourceTree = "<group>"; };
		B4DF5CE0269DCFD8005A88A7 /* MusicAPI.swift */ = {isa = PBXFileReference; lastKnownFileType = sourcecode.swift; path = MusicAPI.swift; sourceTree = "<group>"; };
/* End PBXFileReference section */

/* Begin PBXFrameworksBuildPhase section */
		0CCF121E268DE426001175DB /* Frameworks */ = {
			isa = PBXFrameworksBuildPhase;
			buildActionMask = 2147483647;
			files = (
			);
			runOnlyForDeploymentPostprocessing = 0;
		};
		0CCF122F268DE429001175DB /* Frameworks */ = {
			isa = PBXFrameworksBuildPhase;
			buildActionMask = 2147483647;
			files = (
			);
			runOnlyForDeploymentPostprocessing = 0;
		};
		0CCF123A268DE429001175DB /* Frameworks */ = {
			isa = PBXFrameworksBuildPhase;
			buildActionMask = 2147483647;
			files = (
			);
			runOnlyForDeploymentPostprocessing = 0;
		};
/* End PBXFrameworksBuildPhase section */

/* Begin PBXGroup section */
		0C66686D2697B82000254BC5 /* Models */ = {
			isa = PBXGroup;
			children = (
				0C25B0BB269865070003F768 /* MicrophoneMonitor.swift */,
				0C66686E2697B82700254BC5 /* GameModel.swift */,
				B4DF5CDE269DCF70005A88A7 /* Song.swift */,
				0C25B0BE269867720003F768 /* Player.swift */,
				0C25B0C5269871560003F768 /* Room.swift */,
			);
			path = Models;
			sourceTree = "<group>";
		};
		0C6668712697B82C00254BC5 /* ViewModels */ = {
			isa = PBXGroup;
			children = (
				0C6668722697B82C00254BC5 /* GameViewModel.swift */,
			);
			path = ViewModels;
			sourceTree = "<group>";
		};
		0C96EC12269F324C0030269C /* Extensions */ = {
			isa = PBXGroup;
			children = (
				0C96EC13269F32530030269C /* String + localized.swift */,
			);
			path = Extensions;
			sourceTree = "<group>";
		};
		0C96EC15269F32C80030269C /* LanguageStrings */ = {
			isa = PBXGroup;
			children = (
				0C96EC16269F32C80030269C /* LanguageStrings.strings */,
			);
			path = LanguageStrings;
			sourceTree = "<group>";
		};
		0CCF1218268DE426001175DB = {
			isa = PBXGroup;
			children = (
				0CCF1223268DE426001175DB /* iBerro */,
				0CCF1235268DE429001175DB /* iBerroTests */,
				0CCF1240268DE429001175DB /* iBerroUITests */,
				0CCF1222268DE426001175DB /* Products */,
			);
			sourceTree = "<group>";
		};
		0CCF1222268DE426001175DB /* Products */ = {
			isa = PBXGroup;
			children = (
				0CCF1221268DE426001175DB /* iBerro.app */,
				0CCF1232268DE429001175DB /* iBerroTests.xctest */,
				0CCF123D268DE429001175DB /* iBerroUITests.xctest */,
			);
			name = Products;
			sourceTree = "<group>";
		};
		0CCF1223268DE426001175DB /* iBerro */ = {
			isa = PBXGroup;
			children = (
				B4400CE0269F379E00612998 /* Resources */,
				0CCF122A268DE428001175DB /* Preview Content */,
				0C96EC15269F32C80030269C /* LanguageStrings */,
				0C96EC12269F324C0030269C /* Extensions */,
				0C6668712697B82C00254BC5 /* ViewModels */,
				0C66686D2697B82000254BC5 /* Models */,
				0CCF1250268DE4A3001175DB /* Views */,
				0C6668752697B84000254BC5 /* LaunchScreen.storyboard */,
				0CCF1228268DE428001175DB /* Assets.xcassets */,
				0C6668622697B7F600254BC5 /* AppDelegate.swift */,
				0C6668782697B8DD00254BC5 /* GameCenterHelper.swift */,
				0C66687B2697B8E100254BC5 /* GameViewController.swift */,
				0C6668612697B7F600254BC5 /* SceneDelegate.swift */,
				0C66687E2697B95800254BC5 /* Info.plist */,
				0C96EC0E269F21400030269C /* LobbyViewController.swift */,
			);
			path = iBerro;
			sourceTree = "<group>";
		};
		0CCF122A268DE428001175DB /* Preview Content */ = {
			isa = PBXGroup;
			children = (
				0CCF122B268DE428001175DB /* Preview Assets.xcassets */,
			);
			path = "Preview Content";
			sourceTree = "<group>";
		};
		0CCF1235268DE429001175DB /* iBerroTests */ = {
			isa = PBXGroup;
			children = (
				0CCF1236268DE429001175DB /* iBerroTests.swift */,
				0CCF1238268DE429001175DB /* Info.plist */,
			);
			path = iBerroTests;
			sourceTree = "<group>";
		};
		0CCF1240268DE429001175DB /* iBerroUITests */ = {
			isa = PBXGroup;
			children = (
				0CCF1241268DE429001175DB /* iBerroUITests.swift */,
				0CCF1243268DE429001175DB /* Info.plist */,
			);
			path = iBerroUITests;
			sourceTree = "<group>";
		};
		0CCF1250268DE4A3001175DB /* Views */ = {
			isa = PBXGroup;
			children = (
				0C6668682697B81A00254BC5 /* ContentView.swift */,
				0C25B0B8269864F60003F768 /* BarView.swift */,
				0C25B0B5269864EF0003F768 /* SoundVisualizer.swift */,
				0C6668672697B81A00254BC5 /* GameView.swift */,
				B4400CDE269F21F000612998 /* MusicPlayer.swift */,
				0C96EC06269F09E20030269C /* MenuView.swift */,
				0C96EC0A269F16D00030269C /* LoadingView.swift */,
				0C46040626A06831002F246F /* LobbyView.swift */,
			);
			path = Views;
			sourceTree = "<group>";
		};
		B4400CE0269F379E00612998 /* Resources */ = {
			isa = PBXGroup;
			children = (
				B4DF5CDB269DCDD0005A88A7 /* SwiftyJSON.swift */,
				B4DF5CE0269DCFD8005A88A7 /* MusicAPI.swift */,
			);
			path = Resources;
			sourceTree = "<group>";
		};
/* End PBXGroup section */

/* Begin PBXNativeTarget section */
		0CCF1220268DE426001175DB /* iBerro */ = {
			isa = PBXNativeTarget;
			buildConfigurationList = 0CCF1246268DE429001175DB /* Build configuration list for PBXNativeTarget "iBerro" */;
			buildPhases = (
				0CCF121D268DE426001175DB /* Sources */,
				0CCF121E268DE426001175DB /* Frameworks */,
				0CCF121F268DE426001175DB /* Resources */,
			);
			buildRules = (
			);
			dependencies = (
			);
			name = iBerro;
			productName = iBerro;
			productReference = 0CCF1221268DE426001175DB /* iBerro.app */;
			productType = "com.apple.product-type.application";
		};
		0CCF1231268DE429001175DB /* iBerroTests */ = {
			isa = PBXNativeTarget;
			buildConfigurationList = 0CCF1249268DE429001175DB /* Build configuration list for PBXNativeTarget "iBerroTests" */;
			buildPhases = (
				0CCF122E268DE429001175DB /* Sources */,
				0CCF122F268DE429001175DB /* Frameworks */,
				0CCF1230268DE429001175DB /* Resources */,
			);
			buildRules = (
			);
			dependencies = (
				0CCF1234268DE429001175DB /* PBXTargetDependency */,
			);
			name = iBerroTests;
			productName = iBerroTests;
			productReference = 0CCF1232268DE429001175DB /* iBerroTests.xctest */;
			productType = "com.apple.product-type.bundle.unit-test";
		};
		0CCF123C268DE429001175DB /* iBerroUITests */ = {
			isa = PBXNativeTarget;
			buildConfigurationList = 0CCF124C268DE429001175DB /* Build configuration list for PBXNativeTarget "iBerroUITests" */;
			buildPhases = (
				0CCF1239268DE429001175DB /* Sources */,
				0CCF123A268DE429001175DB /* Frameworks */,
				0CCF123B268DE429001175DB /* Resources */,
			);
			buildRules = (
			);
			dependencies = (
				0CCF123F268DE429001175DB /* PBXTargetDependency */,
			);
			name = iBerroUITests;
			productName = iBerroUITests;
			productReference = 0CCF123D268DE429001175DB /* iBerroUITests.xctest */;
			productType = "com.apple.product-type.bundle.ui-testing";
		};
/* End PBXNativeTarget section */

/* Begin PBXProject section */
		0CCF1219268DE426001175DB /* Project object */ = {
			isa = PBXProject;
			attributes = {
				LastSwiftUpdateCheck = 1250;
				LastUpgradeCheck = 1250;
				TargetAttributes = {
					0CCF1220268DE426001175DB = {
						CreatedOnToolsVersion = 12.5.1;
					};
					0CCF1231268DE429001175DB = {
						CreatedOnToolsVersion = 12.5.1;
						TestTargetID = 0CCF1220268DE426001175DB;
					};
					0CCF123C268DE429001175DB = {
						CreatedOnToolsVersion = 12.5.1;
						TestTargetID = 0CCF1220268DE426001175DB;
					};
				};
			};
			buildConfigurationList = 0CCF121C268DE426001175DB /* Build configuration list for PBXProject "iBerro" */;
			compatibilityVersion = "Xcode 9.3";
			developmentRegion = en;
			hasScannedForEncodings = 0;
			knownRegions = (
				en,
				Base,
				"pt-BR",
			);
			mainGroup = 0CCF1218268DE426001175DB;
			productRefGroup = 0CCF1222268DE426001175DB /* Products */;
			projectDirPath = "";
			projectRoot = "";
			targets = (
				0CCF1220268DE426001175DB /* iBerro */,
				0CCF1231268DE429001175DB /* iBerroTests */,
				0CCF123C268DE429001175DB /* iBerroUITests */,
			);
		};
/* End PBXProject section */

/* Begin PBXResourcesBuildPhase section */
		0CCF121F268DE426001175DB /* Resources */ = {
			isa = PBXResourcesBuildPhase;
			buildActionMask = 2147483647;
			files = (
				0C6668762697B84000254BC5 /* LaunchScreen.storyboard in Resources */,
				0C96EC19269F32C80030269C /* LanguageStrings.strings in Resources */,
				0CCF122C268DE428001175DB /* Preview Assets.xcassets in Resources */,
				0CCF1229268DE428001175DB /* Assets.xcassets in Resources */,
			);
			runOnlyForDeploymentPostprocessing = 0;
		};
		0CCF1230268DE429001175DB /* Resources */ = {
			isa = PBXResourcesBuildPhase;
			buildActionMask = 2147483647;
			files = (
				0C6668802697B95800254BC5 /* Info.plist in Resources */,
				0C6668772697B84000254BC5 /* LaunchScreen.storyboard in Resources */,
			);
			runOnlyForDeploymentPostprocessing = 0;
		};
		0CCF123B268DE429001175DB /* Resources */ = {
			isa = PBXResourcesBuildPhase;
			buildActionMask = 2147483647;
			files = (
			);
			runOnlyForDeploymentPostprocessing = 0;
		};
/* End PBXResourcesBuildPhase section */

/* Begin PBXSourcesBuildPhase section */
		0CCF121D268DE426001175DB /* Sources */ = {
			isa = PBXSourcesBuildPhase;
			buildActionMask = 2147483647;
			files = (
				B4400CDF269F21F000612998 /* MusicPlayer.swift in Sources */,
				B4DF5CE1269DCFD8005A88A7 /* MusicAPI.swift in Sources */,
				B4DF5CDC269DCDD0005A88A7 /* SwiftyJSON.swift in Sources */,
				B4DF5CDF269DCF70005A88A7 /* Song.swift in Sources */,
				0C25B0B9269864F60003F768 /* BarView.swift in Sources */,
				0C25B0BC269865070003F768 /* MicrophoneMonitor.swift in Sources */,
				0C66686B2697B81A00254BC5 /* ContentView.swift in Sources */,
				0C6668652697B7F600254BC5 /* AppDelegate.swift in Sources */,
				0C25B0BF269867720003F768 /* Player.swift in Sources */,
				0C96EC14269F32530030269C /* String + localized.swift in Sources */,
				0C6668732697B82C00254BC5 /* GameViewModel.swift in Sources */,
				0C25B0C6269871560003F768 /* Room.swift in Sources */,
				0C96EC07269F09E20030269C /* MenuView.swift in Sources */,
				0C96EC0B269F16D00030269C /* LoadingView.swift in Sources */,
				0C66687C2697B8E100254BC5 /* GameViewController.swift in Sources */,
				0C46040726A06831002F246F /* LobbyView.swift in Sources */,
				0C25B0B6269864EF0003F768 /* SoundVisualizer.swift in Sources */,
				0C96EC0F269F21400030269C /* LobbyViewController.swift in Sources */,
				0C6668792697B8DD00254BC5 /* GameCenterHelper.swift in Sources */,
				0C6668632697B7F600254BC5 /* SceneDelegate.swift in Sources */,
				0C66686F2697B82700254BC5 /* GameModel.swift in Sources */,
				0C6668692697B81A00254BC5 /* GameView.swift in Sources */,
			);
			runOnlyForDeploymentPostprocessing = 0;
		};
		0CCF122E268DE429001175DB /* Sources */ = {
			isa = PBXSourcesBuildPhase;
			buildActionMask = 2147483647;
			files = (
				0C6668662697B7F600254BC5 /* AppDelegate.swift in Sources */,
				0C25B0BA269864F60003F768 /* BarView.swift in Sources */,
				0C25B0C7269871560003F768 /* Room.swift in Sources */,
				0C96EC10269F21400030269C /* LobbyViewController.swift in Sources */,
				0C25B0BD269865070003F768 /* MicrophoneMonitor.swift in Sources */,
				0C66686C2697B81A00254BC5 /* ContentView.swift in Sources */,
				0C96EC0C269F16D00030269C /* LoadingView.swift in Sources */,
				0CCF1237268DE429001175DB /* iBerroTests.swift in Sources */,
				B4DF5CDD269DCDED005A88A7 /* SwiftyJSON.swift in Sources */,
				0C25B0C0269867720003F768 /* Player.swift in Sources */,
				0C66686A2697B81A00254BC5 /* GameView.swift in Sources */,
				0C66687D2697B8E100254BC5 /* GameViewController.swift in Sources */,
				0C46040826A06831002F246F /* LobbyView.swift in Sources */,
				0C25B0B7269864EF0003F768 /* SoundVisualizer.swift in Sources */,
				0C96EC08269F09E20030269C /* MenuView.swift in Sources */,
				0C66687A2697B8DD00254BC5 /* GameCenterHelper.swift in Sources */,
				B4400CE1269F37AB00612998 /* MusicAPI.swift in Sources */,
				0C6668642697B7F600254BC5 /* SceneDelegate.swift in Sources */,
				0C6668702697B82700254BC5 /* GameModel.swift in Sources */,
				0C6668742697B82C00254BC5 /* GameViewModel.swift in Sources */,
			);
			runOnlyForDeploymentPostprocessing = 0;
		};
		0CCF1239268DE429001175DB /* Sources */ = {
			isa = PBXSourcesBuildPhase;
			buildActionMask = 2147483647;
			files = (
				0C46040926A06831002F246F /* LobbyView.swift in Sources */,
				0CCF1242268DE429001175DB /* iBerroUITests.swift in Sources */,
				0C96EC09269F09E20030269C /* MenuView.swift in Sources */,
				0C96EC0D269F16D00030269C /* LoadingView.swift in Sources */,
				0C96EC11269F21400030269C /* LobbyViewController.swift in Sources */,
			);
			runOnlyForDeploymentPostprocessing = 0;
		};
/* End PBXSourcesBuildPhase section */

/* Begin PBXTargetDependency section */
		0CCF1234268DE429001175DB /* PBXTargetDependency */ = {
			isa = PBXTargetDependency;
			target = 0CCF1220268DE426001175DB /* iBerro */;
			targetProxy = 0CCF1233268DE429001175DB /* PBXContainerItemProxy */;
		};
		0CCF123F268DE429001175DB /* PBXTargetDependency */ = {
			isa = PBXTargetDependency;
			target = 0CCF1220268DE426001175DB /* iBerro */;
			targetProxy = 0CCF123E268DE429001175DB /* PBXContainerItemProxy */;
		};
/* End PBXTargetDependency section */

/* Begin PBXVariantGroup section */
		0C96EC16269F32C80030269C /* LanguageStrings.strings */ = {
			isa = PBXVariantGroup;
			children = (
				0C96EC17269F32C80030269C /* en */,
				0C96EC18269F32C80030269C /* pt-BR */,
			);
			name = LanguageStrings.strings;
			sourceTree = "<group>";
		};
/* End PBXVariantGroup section */

/* Begin XCBuildConfiguration section */
		0CCF1244268DE429001175DB /* Debug */ = {
			isa = XCBuildConfiguration;
			buildSettings = {
				ALWAYS_SEARCH_USER_PATHS = NO;
				CLANG_ANALYZER_NONNULL = YES;
				CLANG_ANALYZER_NUMBER_OBJECT_CONVERSION = YES_AGGRESSIVE;
				CLANG_CXX_LANGUAGE_STANDARD = "gnu++14";
				CLANG_CXX_LIBRARY = "libc++";
				CLANG_ENABLE_MODULES = YES;
				CLANG_ENABLE_OBJC_ARC = YES;
				CLANG_ENABLE_OBJC_WEAK = YES;
				CLANG_WARN_BLOCK_CAPTURE_AUTORELEASING = YES;
				CLANG_WARN_BOOL_CONVERSION = YES;
				CLANG_WARN_COMMA = YES;
				CLANG_WARN_CONSTANT_CONVERSION = YES;
				CLANG_WARN_DEPRECATED_OBJC_IMPLEMENTATIONS = YES;
				CLANG_WARN_DIRECT_OBJC_ISA_USAGE = YES_ERROR;
				CLANG_WARN_DOCUMENTATION_COMMENTS = YES;
				CLANG_WARN_EMPTY_BODY = YES;
				CLANG_WARN_ENUM_CONVERSION = YES;
				CLANG_WARN_INFINITE_RECURSION = YES;
				CLANG_WARN_INT_CONVERSION = YES;
				CLANG_WARN_NON_LITERAL_NULL_CONVERSION = YES;
				CLANG_WARN_OBJC_IMPLICIT_RETAIN_SELF = YES;
				CLANG_WARN_OBJC_LITERAL_CONVERSION = YES;
				CLANG_WARN_OBJC_ROOT_CLASS = YES_ERROR;
				CLANG_WARN_QUOTED_INCLUDE_IN_FRAMEWORK_HEADER = YES;
				CLANG_WARN_RANGE_LOOP_ANALYSIS = YES;
				CLANG_WARN_STRICT_PROTOTYPES = YES;
				CLANG_WARN_SUSPICIOUS_MOVE = YES;
				CLANG_WARN_UNGUARDED_AVAILABILITY = YES_AGGRESSIVE;
				CLANG_WARN_UNREACHABLE_CODE = YES;
				CLANG_WARN__DUPLICATE_METHOD_MATCH = YES;
				COPY_PHASE_STRIP = NO;
				DEBUG_INFORMATION_FORMAT = dwarf;
				ENABLE_STRICT_OBJC_MSGSEND = YES;
				ENABLE_TESTABILITY = YES;
				GCC_C_LANGUAGE_STANDARD = gnu11;
				GCC_DYNAMIC_NO_PIC = NO;
				GCC_NO_COMMON_BLOCKS = YES;
				GCC_OPTIMIZATION_LEVEL = 0;
				GCC_PREPROCESSOR_DEFINITIONS = (
					"DEBUG=1",
					"$(inherited)",
				);
				GCC_WARN_64_TO_32_BIT_CONVERSION = YES;
				GCC_WARN_ABOUT_RETURN_TYPE = YES_ERROR;
				GCC_WARN_UNDECLARED_SELECTOR = YES;
				GCC_WARN_UNINITIALIZED_AUTOS = YES_AGGRESSIVE;
				GCC_WARN_UNUSED_FUNCTION = YES;
				GCC_WARN_UNUSED_VARIABLE = YES;
				IPHONEOS_DEPLOYMENT_TARGET = 14.5;
				MTL_ENABLE_DEBUG_INFO = INCLUDE_SOURCE;
				MTL_FAST_MATH = YES;
				ONLY_ACTIVE_ARCH = YES;
				SDKROOT = iphoneos;
				SWIFT_ACTIVE_COMPILATION_CONDITIONS = DEBUG;
				SWIFT_OPTIMIZATION_LEVEL = "-Onone";
			};
			name = Debug;
		};
		0CCF1245268DE429001175DB /* Release */ = {
			isa = XCBuildConfiguration;
			buildSettings = {
				ALWAYS_SEARCH_USER_PATHS = NO;
				CLANG_ANALYZER_NONNULL = YES;
				CLANG_ANALYZER_NUMBER_OBJECT_CONVERSION = YES_AGGRESSIVE;
				CLANG_CXX_LANGUAGE_STANDARD = "gnu++14";
				CLANG_CXX_LIBRARY = "libc++";
				CLANG_ENABLE_MODULES = YES;
				CLANG_ENABLE_OBJC_ARC = YES;
				CLANG_ENABLE_OBJC_WEAK = YES;
				CLANG_WARN_BLOCK_CAPTURE_AUTORELEASING = YES;
				CLANG_WARN_BOOL_CONVERSION = YES;
				CLANG_WARN_COMMA = YES;
				CLANG_WARN_CONSTANT_CONVERSION = YES;
				CLANG_WARN_DEPRECATED_OBJC_IMPLEMENTATIONS = YES;
				CLANG_WARN_DIRECT_OBJC_ISA_USAGE = YES_ERROR;
				CLANG_WARN_DOCUMENTATION_COMMENTS = YES;
				CLANG_WARN_EMPTY_BODY = YES;
				CLANG_WARN_ENUM_CONVERSION = YES;
				CLANG_WARN_INFINITE_RECURSION = YES;
				CLANG_WARN_INT_CONVERSION = YES;
				CLANG_WARN_NON_LITERAL_NULL_CONVERSION = YES;
				CLANG_WARN_OBJC_IMPLICIT_RETAIN_SELF = YES;
				CLANG_WARN_OBJC_LITERAL_CONVERSION = YES;
				CLANG_WARN_OBJC_ROOT_CLASS = YES_ERROR;
				CLANG_WARN_QUOTED_INCLUDE_IN_FRAMEWORK_HEADER = YES;
				CLANG_WARN_RANGE_LOOP_ANALYSIS = YES;
				CLANG_WARN_STRICT_PROTOTYPES = YES;
				CLANG_WARN_SUSPICIOUS_MOVE = YES;
				CLANG_WARN_UNGUARDED_AVAILABILITY = YES_AGGRESSIVE;
				CLANG_WARN_UNREACHABLE_CODE = YES;
				CLANG_WARN__DUPLICATE_METHOD_MATCH = YES;
				COPY_PHASE_STRIP = NO;
				DEBUG_INFORMATION_FORMAT = "dwarf-with-dsym";
				ENABLE_NS_ASSERTIONS = NO;
				ENABLE_STRICT_OBJC_MSGSEND = YES;
				GCC_C_LANGUAGE_STANDARD = gnu11;
				GCC_NO_COMMON_BLOCKS = YES;
				GCC_WARN_64_TO_32_BIT_CONVERSION = YES;
				GCC_WARN_ABOUT_RETURN_TYPE = YES_ERROR;
				GCC_WARN_UNDECLARED_SELECTOR = YES;
				GCC_WARN_UNINITIALIZED_AUTOS = YES_AGGRESSIVE;
				GCC_WARN_UNUSED_FUNCTION = YES;
				GCC_WARN_UNUSED_VARIABLE = YES;
				IPHONEOS_DEPLOYMENT_TARGET = 14.5;
				MTL_ENABLE_DEBUG_INFO = NO;
				MTL_FAST_MATH = YES;
				SDKROOT = iphoneos;
				SWIFT_COMPILATION_MODE = wholemodule;
				SWIFT_OPTIMIZATION_LEVEL = "-O";
				VALIDATE_PRODUCT = YES;
			};
			name = Release;
		};
		0CCF1247268DE429001175DB /* Debug */ = {
			isa = XCBuildConfiguration;
			buildSettings = {
				ASSETCATALOG_COMPILER_APPICON_NAME = AppIcon;
				ASSETCATALOG_COMPILER_GLOBAL_ACCENT_COLOR_NAME = AccentColor;
				CODE_SIGN_STYLE = Automatic;
				CURRENT_PROJECT_VERSION = 8;
				DEVELOPMENT_ASSET_PATHS = "\"iBerro/Preview Content\"";
				DEVELOPMENT_TEAM = SZDYT9A2D8;
				ENABLE_PREVIEWS = YES;
				INFOPLIST_FILE = iBerro/Info.plist;
				IPHONEOS_DEPLOYMENT_TARGET = 14.0;
				LD_RUNPATH_SEARCH_PATHS = (
					"$(inherited)",
					"@executable_path/Frameworks",
				);
				MARKETING_VERSION = 1.3;
				PRODUCT_BUNDLE_IDENTIFIER = br.ufpe.academy.iBerro;
				PRODUCT_NAME = "$(TARGET_NAME)";
				SWIFT_VERSION = 5.0;
				TARGETED_DEVICE_FAMILY = "1,2";
			};
			name = Debug;
		};
		0CCF1248268DE429001175DB /* Release */ = {
			isa = XCBuildConfiguration;
			buildSettings = {
				ASSETCATALOG_COMPILER_APPICON_NAME = AppIcon;
				ASSETCATALOG_COMPILER_GLOBAL_ACCENT_COLOR_NAME = AccentColor;
				CODE_SIGN_STYLE = Automatic;
				CURRENT_PROJECT_VERSION = 8;
				DEVELOPMENT_ASSET_PATHS = "\"iBerro/Preview Content\"";
				DEVELOPMENT_TEAM = SZDYT9A2D8;
				ENABLE_PREVIEWS = YES;
				INFOPLIST_FILE = iBerro/Info.plist;
				IPHONEOS_DEPLOYMENT_TARGET = 14.0;
				LD_RUNPATH_SEARCH_PATHS = (
					"$(inherited)",
					"@executable_path/Frameworks",
				);
				MARKETING_VERSION = 1.3;
				PRODUCT_BUNDLE_IDENTIFIER = br.ufpe.academy.iBerro;
				PRODUCT_NAME = "$(TARGET_NAME)";
				SWIFT_VERSION = 5.0;
				TARGETED_DEVICE_FAMILY = "1,2";
			};
			name = Release;
		};
		0CCF124A268DE429001175DB /* Debug */ = {
			isa = XCBuildConfiguration;
			buildSettings = {
				ALWAYS_EMBED_SWIFT_STANDARD_LIBRARIES = YES;
				BUNDLE_LOADER = "$(TEST_HOST)";
				CODE_SIGN_STYLE = Automatic;
				DEVELOPMENT_TEAM = KBDYNQ5FQB;
				INFOPLIST_FILE = iBerroTests/Info.plist;
				IPHONEOS_DEPLOYMENT_TARGET = 14.0;
				LD_RUNPATH_SEARCH_PATHS = (
					"$(inherited)",
					"@executable_path/Frameworks",
					"@loader_path/Frameworks",
				);
				PRODUCT_BUNDLE_IDENTIFIER = br.ufpe.academy.iBerroTests;
				PRODUCT_NAME = "$(TARGET_NAME)";
				SWIFT_VERSION = 5.0;
				TARGETED_DEVICE_FAMILY = "1,2";
				TEST_HOST = "$(BUILT_PRODUCTS_DIR)/iBerro.app/iBerro";
			};
			name = Debug;
		};
		0CCF124B268DE429001175DB /* Release */ = {
			isa = XCBuildConfiguration;
			buildSettings = {
				ALWAYS_EMBED_SWIFT_STANDARD_LIBRARIES = YES;
				BUNDLE_LOADER = "$(TEST_HOST)";
				CODE_SIGN_STYLE = Automatic;
				DEVELOPMENT_TEAM = KBDYNQ5FQB;
				INFOPLIST_FILE = iBerroTests/Info.plist;
				IPHONEOS_DEPLOYMENT_TARGET = 14.0;
				LD_RUNPATH_SEARCH_PATHS = (
					"$(inherited)",
					"@executable_path/Frameworks",
					"@loader_path/Frameworks",
				);
				PRODUCT_BUNDLE_IDENTIFIER = br.ufpe.academy.iBerroTests;
				PRODUCT_NAME = "$(TARGET_NAME)";
				SWIFT_VERSION = 5.0;
				TARGETED_DEVICE_FAMILY = "1,2";
				TEST_HOST = "$(BUILT_PRODUCTS_DIR)/iBerro.app/iBerro";
			};
			name = Release;
		};
		0CCF124D268DE429001175DB /* Debug */ = {
			isa = XCBuildConfiguration;
			buildSettings = {
				ALWAYS_EMBED_SWIFT_STANDARD_LIBRARIES = YES;
				CODE_SIGN_STYLE = Automatic;
				DEVELOPMENT_TEAM = KBDYNQ5FQB;
				INFOPLIST_FILE = iBerroUITests/Info.plist;
				LD_RUNPATH_SEARCH_PATHS = (
					"$(inherited)",
					"@executable_path/Frameworks",
					"@loader_path/Frameworks",
				);
				PRODUCT_BUNDLE_IDENTIFIER = br.ufpe.academy.iBerroUITests;
				PRODUCT_NAME = "$(TARGET_NAME)";
				SWIFT_VERSION = 5.0;
				TARGETED_DEVICE_FAMILY = "1,2";
				TEST_TARGET_NAME = iBerro;
			};
			name = Debug;
		};
		0CCF124E268DE429001175DB /* Release */ = {
			isa = XCBuildConfiguration;
			buildSettings = {
				ALWAYS_EMBED_SWIFT_STANDARD_LIBRARIES = YES;
				CODE_SIGN_STYLE = Automatic;
				DEVELOPMENT_TEAM = KBDYNQ5FQB;
				INFOPLIST_FILE = iBerroUITests/Info.plist;
				LD_RUNPATH_SEARCH_PATHS = (
					"$(inherited)",
					"@executable_path/Frameworks",
					"@loader_path/Frameworks",
				);
				PRODUCT_BUNDLE_IDENTIFIER = br.ufpe.academy.iBerroUITests;
				PRODUCT_NAME = "$(TARGET_NAME)";
				SWIFT_VERSION = 5.0;
				TARGETED_DEVICE_FAMILY = "1,2";
				TEST_TARGET_NAME = iBerro;
			};
			name = Release;
		};
/* End XCBuildConfiguration section */

/* Begin XCConfigurationList section */
		0CCF121C268DE426001175DB /* Build configuration list for PBXProject "iBerro" */ = {
			isa = XCConfigurationList;
			buildConfigurations = (
				0CCF1244268DE429001175DB /* Debug */,
				0CCF1245268DE429001175DB /* Release */,
			);
			defaultConfigurationIsVisible = 0;
			defaultConfigurationName = Release;
		};
		0CCF1246268DE429001175DB /* Build configuration list for PBXNativeTarget "iBerro" */ = {
			isa = XCConfigurationList;
			buildConfigurations = (
				0CCF1247268DE429001175DB /* Debug */,
				0CCF1248268DE429001175DB /* Release */,
			);
			defaultConfigurationIsVisible = 0;
			defaultConfigurationName = Release;
		};
		0CCF1249268DE429001175DB /* Build configuration list for PBXNativeTarget "iBerroTests" */ = {
			isa = XCConfigurationList;
			buildConfigurations = (
				0CCF124A268DE429001175DB /* Debug */,
				0CCF124B268DE429001175DB /* Release */,
			);
			defaultConfigurationIsVisible = 0;
			defaultConfigurationName = Release;
		};
		0CCF124C268DE429001175DB /* Build configuration list for PBXNativeTarget "iBerroUITests" */ = {
			isa = XCConfigurationList;
			buildConfigurations = (
				0CCF124D268DE429001175DB /* Debug */,
				0CCF124E268DE429001175DB /* Release */,
			);
			defaultConfigurationIsVisible = 0;
			defaultConfigurationName = Release;
		};
/* End XCConfigurationList section */
	};
	rootObject = 0CCF1219268DE426001175DB /* Project object */;
}
