// !$*UTF8*$!
{
	archiveVersion = 1;
	classes = {
	};
	objectVersion = 50;
	objects = {

/* Begin PBXBuildFile section */
		0C6BDF1E26932C6C00FEE1F8 /* GameCenterMatchmakerViewController.swift in Sources */ = {isa = PBXBuildFile; fileRef = 0C6BDF1D26932C6C00FEE1F8 /* GameCenterMatchmakerViewController.swift */; };
		0C6BDF1F26932C6C00FEE1F8 /* GameCenterMatchmakerViewController.swift in Sources */ = {isa = PBXBuildFile; fileRef = 0C6BDF1D26932C6C00FEE1F8 /* GameCenterMatchmakerViewController.swift */; };
		0C6BDF2126932D5900FEE1F8 /* GameCenterMatchmakerHelper.swift in Sources */ = {isa = PBXBuildFile; fileRef = 0C6BDF2026932D5900FEE1F8 /* GameCenterMatchmakerHelper.swift */; };
		0C6BDF2226932D5900FEE1F8 /* GameCenterMatchmakerHelper.swift in Sources */ = {isa = PBXBuildFile; fileRef = 0C6BDF2026932D5900FEE1F8 /* GameCenterMatchmakerHelper.swift */; };
		0C6BDF24269332CD00FEE1F8 /* GameCenterMatchmakerView.swift in Sources */ = {isa = PBXBuildFile; fileRef = 0C6BDF23269332CD00FEE1F8 /* GameCenterMatchmakerView.swift */; };
		0C6BDF25269332CD00FEE1F8 /* GameCenterMatchmakerView.swift in Sources */ = {isa = PBXBuildFile; fileRef = 0C6BDF23269332CD00FEE1F8 /* GameCenterMatchmakerView.swift */; };
		0CCF1225268DE426001175DB /* iBerroApp.swift in Sources */ = {isa = PBXBuildFile; fileRef = 0CCF1224268DE426001175DB /* iBerroApp.swift */; };
		0CCF1229268DE428001175DB /* Assets.xcassets in Resources */ = {isa = PBXBuildFile; fileRef = 0CCF1228268DE428001175DB /* Assets.xcassets */; };
		0CCF122C268DE428001175DB /* Preview Assets.xcassets in Resources */ = {isa = PBXBuildFile; fileRef = 0CCF122B268DE428001175DB /* Preview Assets.xcassets */; };
		0CCF1237268DE429001175DB /* iBerroTests.swift in Sources */ = {isa = PBXBuildFile; fileRef = 0CCF1236268DE429001175DB /* iBerroTests.swift */; };
		0CCF1242268DE429001175DB /* iBerroUITests.swift in Sources */ = {isa = PBXBuildFile; fileRef = 0CCF1241268DE429001175DB /* iBerroUITests.swift */; };
		0CCF1253268DE510001175DB /* Menu.swift in Sources */ = {isa = PBXBuildFile; fileRef = 0CCF1252268DE510001175DB /* Menu.swift */; };
		0CCF1256268DE7AA001175DB /* GameKit.framework in Frameworks */ = {isa = PBXBuildFile; fileRef = 0CCF1255268DE7AA001175DB /* GameKit.framework */; };
		0CCF1258268DEB8D001175DB /* GameCenterHelper.swift in Sources */ = {isa = PBXBuildFile; fileRef = 0CCF1257268DEB8D001175DB /* GameCenterHelper.swift */; };
		0CCF1259268DEB8D001175DB /* GameCenterHelper.swift in Sources */ = {isa = PBXBuildFile; fileRef = 0CCF1257268DEB8D001175DB /* GameCenterHelper.swift */; };
		0CCF125B268DEED5001175DB /* GameCenterLoginView.swift in Sources */ = {isa = PBXBuildFile; fileRef = 0CCF125A268DEED5001175DB /* GameCenterLoginView.swift */; };
		0CCF125C268DEED5001175DB /* GameCenterLoginView.swift in Sources */ = {isa = PBXBuildFile; fileRef = 0CCF125A268DEED5001175DB /* GameCenterLoginView.swift */; };
		0CCF125D268DEED5001175DB /* GameCenterLoginView.swift in Sources */ = {isa = PBXBuildFile; fileRef = 0CCF125A268DEED5001175DB /* GameCenterLoginView.swift */; };
		0CCF1260268DF45E001175DB /* GameCenterLoginViewController.swift in Sources */ = {isa = PBXBuildFile; fileRef = 0CCF125F268DF45E001175DB /* GameCenterLoginViewController.swift */; };
		0CCF1261268DF45E001175DB /* GameCenterLoginViewController.swift in Sources */ = {isa = PBXBuildFile; fileRef = 0CCF125F268DF45E001175DB /* GameCenterLoginViewController.swift */; };
		0CCF1262268DF45E001175DB /* GameCenterLoginViewController.swift in Sources */ = {isa = PBXBuildFile; fileRef = 0CCF125F268DF45E001175DB /* GameCenterLoginViewController.swift */; };
		AC8B5ED0269345EB0067CD6C /* String + localized.swift in Sources */ = {isa = PBXBuildFile; fileRef = AC8B5ECF269345EB0067CD6C /* String + localized.swift */; };
		AC8B5ED5269347100067CD6C /* LanguageStrings.strings in Resources */ = {isa = PBXBuildFile; fileRef = AC8B5ED7269347100067CD6C /* LanguageStrings.strings */; };
/* End PBXBuildFile section */

/* Begin PBXContainerItemProxy section */
		0CCF1233268DE429001175DB /* PBXContainerItemProxy */ = {
			isa = PBXContainerItemProxy;
			containerPortal = 0CCF1219268DE426001175DB /* Project object */;
			proxyType = 1;
			remoteGlobalIDString = 0CCF1220268DE426001175DB;
			remoteInfo = iBerro;
		};
		0CCF123E268DE429001175DB /* PBXContainerItemProxy */ = {
			isa = PBXContainerItemProxy;
			containerPortal = 0CCF1219268DE426001175DB /* Project object */;
			proxyType = 1;
			remoteGlobalIDString = 0CCF1220268DE426001175DB;
			remoteInfo = iBerro;
		};
/* End PBXContainerItemProxy section */

/* Begin PBXFileReference section */
		0C6BDF1D26932C6C00FEE1F8 /* GameCenterMatchmakerViewController.swift */ = {isa = PBXFileReference; lastKnownFileType = sourcecode.swift; path = GameCenterMatchmakerViewController.swift; sourceTree = "<group>"; };
		0C6BDF2026932D5900FEE1F8 /* GameCenterMatchmakerHelper.swift */ = {isa = PBXFileReference; lastKnownFileType = sourcecode.swift; path = GameCenterMatchmakerHelper.swift; sourceTree = "<group>"; };
		0C6BDF23269332CD00FEE1F8 /* GameCenterMatchmakerView.swift */ = {isa = PBXFileReference; lastKnownFileType = sourcecode.swift; path = GameCenterMatchmakerView.swift; sourceTree = "<group>"; };
		0CCF1221268DE426001175DB /* iBerro.app */ = {isa = PBXFileReference; explicitFileType = wrapper.application; includeInIndex = 0; path = iBerro.app; sourceTree = BUILT_PRODUCTS_DIR; };
		0CCF1224268DE426001175DB /* iBerroApp.swift */ = {isa = PBXFileReference; lastKnownFileType = sourcecode.swift; path = iBerroApp.swift; sourceTree = "<group>"; };
		0CCF1228268DE428001175DB /* Assets.xcassets */ = {isa = PBXFileReference; lastKnownFileType = folder.assetcatalog; path = Assets.xcassets; sourceTree = "<group>"; };
		0CCF122B268DE428001175DB /* Preview Assets.xcassets */ = {isa = PBXFileReference; lastKnownFileType = folder.assetcatalog; path = "Preview Assets.xcassets"; sourceTree = "<group>"; };
		0CCF122D268DE428001175DB /* Info.plist */ = {isa = PBXFileReference; lastKnownFileType = text.plist.xml; path = Info.plist; sourceTree = "<group>"; };
		0CCF1232268DE429001175DB /* iBerroTests.xctest */ = {isa = PBXFileReference; explicitFileType = wrapper.cfbundle; includeInIndex = 0; path = iBerroTests.xctest; sourceTree = BUILT_PRODUCTS_DIR; };
		0CCF1236268DE429001175DB /* iBerroTests.swift */ = {isa = PBXFileReference; lastKnownFileType = sourcecode.swift; path = iBerroTests.swift; sourceTree = "<group>"; };
		0CCF1238268DE429001175DB /* Info.plist */ = {isa = PBXFileReference; lastKnownFileType = text.plist.xml; path = Info.plist; sourceTree = "<group>"; };
		0CCF123D268DE429001175DB /* iBerroUITests.xctest */ = {isa = PBXFileReference; explicitFileType = wrapper.cfbundle; includeInIndex = 0; path = iBerroUITests.xctest; sourceTree = BUILT_PRODUCTS_DIR; };
		0CCF1241268DE429001175DB /* iBerroUITests.swift */ = {isa = PBXFileReference; lastKnownFileType = sourcecode.swift; path = iBerroUITests.swift; sourceTree = "<group>"; };
		0CCF1243268DE429001175DB /* Info.plist */ = {isa = PBXFileReference; lastKnownFileType = text.plist.xml; path = Info.plist; sourceTree = "<group>"; };
		0CCF1252268DE510001175DB /* Menu.swift */ = {isa = PBXFileReference; lastKnownFileType = sourcecode.swift; path = Menu.swift; sourceTree = "<group>"; };
		0CCF1255268DE7AA001175DB /* GameKit.framework */ = {isa = PBXFileReference; lastKnownFileType = wrapper.framework; name = GameKit.framework; path = System/Library/Frameworks/GameKit.framework; sourceTree = SDKROOT; };
		0CCF1257268DEB8D001175DB /* GameCenterHelper.swift */ = {isa = PBXFileReference; lastKnownFileType = sourcecode.swift; path = GameCenterHelper.swift; sourceTree = "<group>"; };
		0CCF125A268DEED5001175DB /* GameCenterLoginView.swift */ = {isa = PBXFileReference; lastKnownFileType = sourcecode.swift; path = GameCenterLoginView.swift; sourceTree = "<group>"; };
		0CCF125F268DF45E001175DB /* GameCenterLoginViewController.swift */ = {isa = PBXFileReference; lastKnownFileType = sourcecode.swift; path = GameCenterLoginViewController.swift; sourceTree = "<group>"; };
		AC8B5ECF269345EB0067CD6C /* String + localized.swift */ = {isa = PBXFileReference; lastKnownFileType = sourcecode.swift; path = "String + localized.swift"; sourceTree = "<group>"; };
		AC8B5ED6269347100067CD6C /* en */ = {isa = PBXFileReference; lastKnownFileType = text.plist.strings; name = en; path = en.lproj/LanguageStrings.strings; sourceTree = "<group>"; };
		AC8B5ED8269347150067CD6C /* pt-BR */ = {isa = PBXFileReference; lastKnownFileType = text.plist.strings; name = "pt-BR"; path = "pt-BR.lproj/LanguageStrings.strings"; sourceTree = "<group>"; };
/* End PBXFileReference section */

/* Begin PBXFrameworksBuildPhase section */
		0CCF121E268DE426001175DB /* Frameworks */ = {
			isa = PBXFrameworksBuildPhase;
			buildActionMask = 2147483647;
			files = (
				0CCF1256268DE7AA001175DB /* GameKit.framework in Frameworks */,
			);
			runOnlyForDeploymentPostprocessing = 0;
		};
		0CCF122F268DE429001175DB /* Frameworks */ = {
			isa = PBXFrameworksBuildPhase;
			buildActionMask = 2147483647;
			files = (
			);
			runOnlyForDeploymentPostprocessing = 0;
		};
		0CCF123A268DE429001175DB /* Frameworks */ = {
			isa = PBXFrameworksBuildPhase;
			buildActionMask = 2147483647;
			files = (
			);
			runOnlyForDeploymentPostprocessing = 0;
		};
/* End PBXFrameworksBuildPhase section */

/* Begin PBXGroup section */
		0CCF1218268DE426001175DB = {
			isa = PBXGroup;
			children = (
				0CCF1223268DE426001175DB /* iBerro */,
				0CCF1235268DE429001175DB /* iBerroTests */,
				0CCF1240268DE429001175DB /* iBerroUITests */,
				0CCF1222268DE426001175DB /* Products */,
				0CCF1254268DE7AA001175DB /* Frameworks */,
			);
			sourceTree = "<group>";
		};
		0CCF1222268DE426001175DB /* Products */ = {
			isa = PBXGroup;
			children = (
				0CCF1221268DE426001175DB /* iBerro.app */,
				0CCF1232268DE429001175DB /* iBerroTests.xctest */,
				0CCF123D268DE429001175DB /* iBerroUITests.xctest */,
			);
			name = Products;
			sourceTree = "<group>";
		};
		0CCF1223268DE426001175DB /* iBerro */ = {
			isa = PBXGroup;
			children = (
				AC8B5ED22693462C0067CD6C /* LanguageStrings */,
				0CCF125E268DF2D0001175DB /* Helpers */,
				0CCF124F268DE497001175DB /* Models */,
				0CCF1250268DE4A3001175DB /* Views */,
				0CCF1251268DE4B1001175DB /* ViewModels */,
				0CCF1224268DE426001175DB /* iBerroApp.swift */,
				0CCF1228268DE428001175DB /* Assets.xcassets */,
				0CCF122D268DE428001175DB /* Info.plist */,
				0CCF122A268DE428001175DB /* Preview Content */,
			);
			path = iBerro;
			sourceTree = "<group>";
		};
		0CCF122A268DE428001175DB /* Preview Content */ = {
			isa = PBXGroup;
			children = (
				0CCF122B268DE428001175DB /* Preview Assets.xcassets */,
			);
			path = "Preview Content";
			sourceTree = "<group>";
		};
		0CCF1235268DE429001175DB /* iBerroTests */ = {
			isa = PBXGroup;
			children = (
				0CCF1236268DE429001175DB /* iBerroTests.swift */,
				0CCF1238268DE429001175DB /* Info.plist */,
			);
			path = iBerroTests;
			sourceTree = "<group>";
		};
		0CCF1240268DE429001175DB /* iBerroUITests */ = {
			isa = PBXGroup;
			children = (
				0CCF1241268DE429001175DB /* iBerroUITests.swift */,
				0CCF1243268DE429001175DB /* Info.plist */,
			);
			path = iBerroUITests;
			sourceTree = "<group>";
		};
		0CCF124F268DE497001175DB /* Models */ = {
			isa = PBXGroup;
			children = (
			);
			path = Models;
			sourceTree = "<group>";
		};
		0CCF1250268DE4A3001175DB /* Views */ = {
			isa = PBXGroup;
			children = (
				0CCF1252268DE510001175DB /* Menu.swift */,
				0CCF125A268DEED5001175DB /* GameCenterLoginView.swift */,
				0C6BDF23269332CD00FEE1F8 /* GameCenterMatchmakerView.swift */,
			);
			path = Views;
			sourceTree = "<group>";
		};
		0CCF1251268DE4B1001175DB /* ViewModels */ = {
			isa = PBXGroup;
			children = (
			);
			path = ViewModels;
			sourceTree = "<group>";
		};
		0CCF1254268DE7AA001175DB /* Frameworks */ = {
			isa = PBXGroup;
			children = (
				0CCF1255268DE7AA001175DB /* GameKit.framework */,
			);
			name = Frameworks;
			sourceTree = "<group>";
		};
		0CCF125E268DF2D0001175DB /* Helpers */ = {
			isa = PBXGroup;
			children = (
				0CCF1257268DEB8D001175DB /* GameCenterHelper.swift */,
				0CCF125F268DF45E001175DB /* GameCenterLoginViewController.swift */,
				AC8B5ECF269345EB0067CD6C /* String + localized.swift */,
				0C6BDF1D26932C6C00FEE1F8 /* GameCenterMatchmakerViewController.swift */,
				0C6BDF2026932D5900FEE1F8 /* GameCenterMatchmakerHelper.swift */,
			);
			path = Helpers;
			sourceTree = "<group>";
		};
		AC8B5ED22693462C0067CD6C /* LanguageStrings */ = {
			isa = PBXGroup;
			children = (
				AC8B5ED7269347100067CD6C /* LanguageStrings.strings */,
			);
			path = LanguageStrings;
			sourceTree = "<group>";
		};
/* End PBXGroup section */

/* Begin PBXNativeTarget section */
		0CCF1220268DE426001175DB /* iBerro */ = {
			isa = PBXNativeTarget;
			buildConfigurationList = 0CCF1246268DE429001175DB /* Build configuration list for PBXNativeTarget "iBerro" */;
			buildPhases = (
				0CCF121D268DE426001175DB /* Sources */,
				0CCF121E268DE426001175DB /* Frameworks */,
				0CCF121F268DE426001175DB /* Resources */,
			);
			buildRules = (
			);
			dependencies = (
			);
			name = iBerro;
			productName = iBerro;
			productReference = 0CCF1221268DE426001175DB /* iBerro.app */;
			productType = "com.apple.product-type.application";
		};
		0CCF1231268DE429001175DB /* iBerroTests */ = {
			isa = PBXNativeTarget;
			buildConfigurationList = 0CCF1249268DE429001175DB /* Build configuration list for PBXNativeTarget "iBerroTests" */;
			buildPhases = (
				0CCF122E268DE429001175DB /* Sources */,
				0CCF122F268DE429001175DB /* Frameworks */,
				0CCF1230268DE429001175DB /* Resources */,
			);
			buildRules = (
			);
			dependencies = (
				0CCF1234268DE429001175DB /* PBXTargetDependency */,
			);
			name = iBerroTests;
			productName = iBerroTests;
			productReference = 0CCF1232268DE429001175DB /* iBerroTests.xctest */;
			productType = "com.apple.product-type.bundle.unit-test";
		};
		0CCF123C268DE429001175DB /* iBerroUITests */ = {
			isa = PBXNativeTarget;
			buildConfigurationList = 0CCF124C268DE429001175DB /* Build configuration list for PBXNativeTarget "iBerroUITests" */;
			buildPhases = (
				0CCF1239268DE429001175DB /* Sources */,
				0CCF123A268DE429001175DB /* Frameworks */,
				0CCF123B268DE429001175DB /* Resources */,
			);
			buildRules = (
			);
			dependencies = (
				0CCF123F268DE429001175DB /* PBXTargetDependency */,
			);
			name = iBerroUITests;
			productName = iBerroUITests;
			productReference = 0CCF123D268DE429001175DB /* iBerroUITests.xctest */;
			productType = "com.apple.product-type.bundle.ui-testing";
		};
/* End PBXNativeTarget section */

/* Begin PBXProject section */
		0CCF1219268DE426001175DB /* Project object */ = {
			isa = PBXProject;
			attributes = {
				LastSwiftUpdateCheck = 1250;
				LastUpgradeCheck = 1250;
				TargetAttributes = {
					0CCF1220268DE426001175DB = {
						CreatedOnToolsVersion = 12.5.1;
					};
					0CCF1231268DE429001175DB = {
						CreatedOnToolsVersion = 12.5.1;
						TestTargetID = 0CCF1220268DE426001175DB;
					};
					0CCF123C268DE429001175DB = {
						CreatedOnToolsVersion = 12.5.1;
						TestTargetID = 0CCF1220268DE426001175DB;
					};
				};
			};
			buildConfigurationList = 0CCF121C268DE426001175DB /* Build configuration list for PBXProject "iBerro" */;
			compatibilityVersion = "Xcode 9.3";
			developmentRegion = en;
			hasScannedForEncodings = 0;
			knownRegions = (
				en,
				Base,
				"pt-BR",
			);
			mainGroup = 0CCF1218268DE426001175DB;
			productRefGroup = 0CCF1222268DE426001175DB /* Products */;
			projectDirPath = "";
			projectRoot = "";
			targets = (
				0CCF1220268DE426001175DB /* iBerro */,
				0CCF1231268DE429001175DB /* iBerroTests */,
				0CCF123C268DE429001175DB /* iBerroUITests */,
			);
		};
/* End PBXProject section */

/* Begin PBXResourcesBuildPhase section */
		0CCF121F268DE426001175DB /* Resources */ = {
			isa = PBXResourcesBuildPhase;
			buildActionMask = 2147483647;
			files = (
				AC8B5ED5269347100067CD6C /* LanguageStrings.strings in Resources */,
				0CCF122C268DE428001175DB /* Preview Assets.xcassets in Resources */,
				0CCF1229268DE428001175DB /* Assets.xcassets in Resources */,
			);
			runOnlyForDeploymentPostprocessing = 0;
		};
		0CCF1230268DE429001175DB /* Resources */ = {
			isa = PBXResourcesBuildPhase;
			buildActionMask = 2147483647;
			files = (
			);
			runOnlyForDeploymentPostprocessing = 0;
		};
		0CCF123B268DE429001175DB /* Resources */ = {
			isa = PBXResourcesBuildPhase;
			buildActionMask = 2147483647;
			files = (
			);
			runOnlyForDeploymentPostprocessing = 0;
		};
/* End PBXResourcesBuildPhase section */

/* Begin PBXSourcesBuildPhase section */
		0CCF121D268DE426001175DB /* Sources */ = {
			isa = PBXSourcesBuildPhase;
			buildActionMask = 2147483647;
			files = (
				0CCF1258268DEB8D001175DB /* GameCenterHelper.swift in Sources */,
				AC8B5ED0269345EB0067CD6C /* String + localized.swift in Sources */,
				0CCF125B268DEED5001175DB /* GameCenterLoginView.swift in Sources */,
				0C6BDF1E26932C6C00FEE1F8 /* GameCenterMatchmakerViewController.swift in Sources */,
				0C6BDF2126932D5900FEE1F8 /* GameCenterMatchmakerHelper.swift in Sources */,
				0C6BDF24269332CD00FEE1F8 /* GameCenterMatchmakerView.swift in Sources */,
				0CCF1253268DE510001175DB /* Menu.swift in Sources */,
				0CCF1225268DE426001175DB /* iBerroApp.swift in Sources */,
				0CCF1260268DF45E001175DB /* GameCenterLoginViewController.swift in Sources */,
			);
			runOnlyForDeploymentPostprocessing = 0;
		};
		0CCF122E268DE429001175DB /* Sources */ = {
			isa = PBXSourcesBuildPhase;
			buildActionMask = 2147483647;
			files = (
				0C6BDF25269332CD00FEE1F8 /* GameCenterMatchmakerView.swift in Sources */,
				0CCF125C268DEED5001175DB /* GameCenterLoginView.swift in Sources */,
				0C6BDF1F26932C6C00FEE1F8 /* GameCenterMatchmakerViewController.swift in Sources */,
				0C6BDF2226932D5900FEE1F8 /* GameCenterMatchmakerHelper.swift in Sources */,
				0CCF1261268DF45E001175DB /* GameCenterLoginViewController.swift in Sources */,
				0CCF1259268DEB8D001175DB /* GameCenterHelper.swift in Sources */,
				0CCF1237268DE429001175DB /* iBerroTests.swift in Sources */,
			);
			runOnlyForDeploymentPostprocessing = 0;
		};
		0CCF1239268DE429001175DB /* Sources */ = {
			isa = PBXSourcesBuildPhase;
			buildActionMask = 2147483647;
			files = (
				0CCF1262268DF45E001175DB /* GameCenterLoginViewController.swift in Sources */,
				0CCF1242268DE429001175DB /* iBerroUITests.swift in Sources */,
				0CCF125D268DEED5001175DB /* GameCenterLoginView.swift in Sources */,
			);
			runOnlyForDeploymentPostprocessing = 0;
		};
/* End PBXSourcesBuildPhase section */

/* Begin PBXTargetDependency section */
		0CCF1234268DE429001175DB /* PBXTargetDependency */ = {
			isa = PBXTargetDependency;
			target = 0CCF1220268DE426001175DB /* iBerro */;
			targetProxy = 0CCF1233268DE429001175DB /* PBXContainerItemProxy */;
		};
		0CCF123F268DE429001175DB /* PBXTargetDependency */ = {
			isa = PBXTargetDependency;
			target = 0CCF1220268DE426001175DB /* iBerro */;
			targetProxy = 0CCF123E268DE429001175DB /* PBXContainerItemProxy */;
		};
/* End PBXTargetDependency section */

/* Begin PBXVariantGroup section */
		AC8B5ED7269347100067CD6C /* LanguageStrings.strings */ = {
			isa = PBXVariantGroup;
			children = (
				AC8B5ED6269347100067CD6C /* en */,
				AC8B5ED8269347150067CD6C /* pt-BR */,
			);
			name = LanguageStrings.strings;
			sourceTree = "<group>";
		};
/* End PBXVariantGroup section */

/* Begin XCBuildConfiguration section */
		0CCF1244268DE429001175DB /* Debug */ = {
			isa = XCBuildConfiguration;
			buildSettings = {
				ALWAYS_SEARCH_USER_PATHS = NO;
				CLANG_ANALYZER_NONNULL = YES;
				CLANG_ANALYZER_NUMBER_OBJECT_CONVERSION = YES_AGGRESSIVE;
				CLANG_CXX_LANGUAGE_STANDARD = "gnu++14";
				CLANG_CXX_LIBRARY = "libc++";
				CLANG_ENABLE_MODULES = YES;
				CLANG_ENABLE_OBJC_ARC = YES;
				CLANG_ENABLE_OBJC_WEAK = YES;
				CLANG_WARN_BLOCK_CAPTURE_AUTORELEASING = YES;
				CLANG_WARN_BOOL_CONVERSION = YES;
				CLANG_WARN_COMMA = YES;
				CLANG_WARN_CONSTANT_CONVERSION = YES;
				CLANG_WARN_DEPRECATED_OBJC_IMPLEMENTATIONS = YES;
				CLANG_WARN_DIRECT_OBJC_ISA_USAGE = YES_ERROR;
				CLANG_WARN_DOCUMENTATION_COMMENTS = YES;
				CLANG_WARN_EMPTY_BODY = YES;
				CLANG_WARN_ENUM_CONVERSION = YES;
				CLANG_WARN_INFINITE_RECURSION = YES;
				CLANG_WARN_INT_CONVERSION = YES;
				CLANG_WARN_NON_LITERAL_NULL_CONVERSION = YES;
				CLANG_WARN_OBJC_IMPLICIT_RETAIN_SELF = YES;
				CLANG_WARN_OBJC_LITERAL_CONVERSION = YES;
				CLANG_WARN_OBJC_ROOT_CLASS = YES_ERROR;
				CLANG_WARN_QUOTED_INCLUDE_IN_FRAMEWORK_HEADER = YES;
				CLANG_WARN_RANGE_LOOP_ANALYSIS = YES;
				CLANG_WARN_STRICT_PROTOTYPES = YES;
				CLANG_WARN_SUSPICIOUS_MOVE = YES;
				CLANG_WARN_UNGUARDED_AVAILABILITY = YES_AGGRESSIVE;
				CLANG_WARN_UNREACHABLE_CODE = YES;
				CLANG_WARN__DUPLICATE_METHOD_MATCH = YES;
				COPY_PHASE_STRIP = NO;
				DEBUG_INFORMATION_FORMAT = dwarf;
				ENABLE_STRICT_OBJC_MSGSEND = YES;
				ENABLE_TESTABILITY = YES;
				GCC_C_LANGUAGE_STANDARD = gnu11;
				GCC_DYNAMIC_NO_PIC = NO;
				GCC_NO_COMMON_BLOCKS = YES;
				GCC_OPTIMIZATION_LEVEL = 0;
				GCC_PREPROCESSOR_DEFINITIONS = (
					"DEBUG=1",
					"$(inherited)",
				);
				GCC_WARN_64_TO_32_BIT_CONVERSION = YES;
				GCC_WARN_ABOUT_RETURN_TYPE = YES_ERROR;
				GCC_WARN_UNDECLARED_SELECTOR = YES;
				GCC_WARN_UNINITIALIZED_AUTOS = YES_AGGRESSIVE;
				GCC_WARN_UNUSED_FUNCTION = YES;
				GCC_WARN_UNUSED_VARIABLE = YES;
				IPHONEOS_DEPLOYMENT_TARGET = 14.5;
				MTL_ENABLE_DEBUG_INFO = INCLUDE_SOURCE;
				MTL_FAST_MATH = YES;
				ONLY_ACTIVE_ARCH = YES;
				SDKROOT = iphoneos;
				SWIFT_ACTIVE_COMPILATION_CONDITIONS = DEBUG;
				SWIFT_OPTIMIZATION_LEVEL = "-Onone";
			};
			name = Debug;
		};
		0CCF1245268DE429001175DB /* Release */ = {
			isa = XCBuildConfiguration;
			buildSettings = {
				ALWAYS_SEARCH_USER_PATHS = NO;
				CLANG_ANALYZER_NONNULL = YES;
				CLANG_ANALYZER_NUMBER_OBJECT_CONVERSION = YES_AGGRESSIVE;
				CLANG_CXX_LANGUAGE_STANDARD = "gnu++14";
				CLANG_CXX_LIBRARY = "libc++";
				CLANG_ENABLE_MODULES = YES;
				CLANG_ENABLE_OBJC_ARC = YES;
				CLANG_ENABLE_OBJC_WEAK = YES;
				CLANG_WARN_BLOCK_CAPTURE_AUTORELEASING = YES;
				CLANG_WARN_BOOL_CONVERSION = YES;
				CLANG_WARN_COMMA = YES;
				CLANG_WARN_CONSTANT_CONVERSION = YES;
				CLANG_WARN_DEPRECATED_OBJC_IMPLEMENTATIONS = YES;
				CLANG_WARN_DIRECT_OBJC_ISA_USAGE = YES_ERROR;
				CLANG_WARN_DOCUMENTATION_COMMENTS = YES;
				CLANG_WARN_EMPTY_BODY = YES;
				CLANG_WARN_ENUM_CONVERSION = YES;
				CLANG_WARN_INFINITE_RECURSION = YES;
				CLANG_WARN_INT_CONVERSION = YES;
				CLANG_WARN_NON_LITERAL_NULL_CONVERSION = YES;
				CLANG_WARN_OBJC_IMPLICIT_RETAIN_SELF = YES;
				CLANG_WARN_OBJC_LITERAL_CONVERSION = YES;
				CLANG_WARN_OBJC_ROOT_CLASS = YES_ERROR;
				CLANG_WARN_QUOTED_INCLUDE_IN_FRAMEWORK_HEADER = YES;
				CLANG_WARN_RANGE_LOOP_ANALYSIS = YES;
				CLANG_WARN_STRICT_PROTOTYPES = YES;
				CLANG_WARN_SUSPICIOUS_MOVE = YES;
				CLANG_WARN_UNGUARDED_AVAILABILITY = YES_AGGRESSIVE;
				CLANG_WARN_UNREACHABLE_CODE = YES;
				CLANG_WARN__DUPLICATE_METHOD_MATCH = YES;
				COPY_PHASE_STRIP = NO;
				DEBUG_INFORMATION_FORMAT = "dwarf-with-dsym";
				ENABLE_NS_ASSERTIONS = NO;
				ENABLE_STRICT_OBJC_MSGSEND = YES;
				GCC_C_LANGUAGE_STANDARD = gnu11;
				GCC_NO_COMMON_BLOCKS = YES;
				GCC_WARN_64_TO_32_BIT_CONVERSION = YES;
				GCC_WARN_ABOUT_RETURN_TYPE = YES_ERROR;
				GCC_WARN_UNDECLARED_SELECTOR = YES;
				GCC_WARN_UNINITIALIZED_AUTOS = YES_AGGRESSIVE;
				GCC_WARN_UNUSED_FUNCTION = YES;
				GCC_WARN_UNUSED_VARIABLE = YES;
				IPHONEOS_DEPLOYMENT_TARGET = 14.5;
				MTL_ENABLE_DEBUG_INFO = NO;
				MTL_FAST_MATH = YES;
				SDKROOT = iphoneos;
				SWIFT_COMPILATION_MODE = wholemodule;
				SWIFT_OPTIMIZATION_LEVEL = "-O";
				VALIDATE_PRODUCT = YES;
			};
			name = Release;
		};
		0CCF1247268DE429001175DB /* Debug */ = {
			isa = XCBuildConfiguration;
			buildSettings = {
				ASSETCATALOG_COMPILER_APPICON_NAME = AppIcon;
				ASSETCATALOG_COMPILER_GLOBAL_ACCENT_COLOR_NAME = AccentColor;
				CODE_SIGN_STYLE = Automatic;
				DEVELOPMENT_ASSET_PATHS = "\"iBerro/Preview Content\"";
				DEVELOPMENT_TEAM = KBDYNQ5FQB;
				ENABLE_PREVIEWS = YES;
				INFOPLIST_FILE = iBerro/Info.plist;
				IPHONEOS_DEPLOYMENT_TARGET = 14.0;
				LD_RUNPATH_SEARCH_PATHS = (
					"$(inherited)",
					"@executable_path/Frameworks",
				);
				PRODUCT_BUNDLE_IDENTIFIER = br.ufpe.academy.iBerro;
				PRODUCT_NAME = "$(TARGET_NAME)";
				SWIFT_VERSION = 5.0;
				TARGETED_DEVICE_FAMILY = "1,2";
			};
			name = Debug;
		};
		0CCF1248268DE429001175DB /* Release */ = {
			isa = XCBuildConfiguration;
			buildSettings = {
				ASSETCATALOG_COMPILER_APPICON_NAME = AppIcon;
				ASSETCATALOG_COMPILER_GLOBAL_ACCENT_COLOR_NAME = AccentColor;
				CODE_SIGN_STYLE = Automatic;
				DEVELOPMENT_ASSET_PATHS = "\"iBerro/Preview Content\"";
				DEVELOPMENT_TEAM = KBDYNQ5FQB;
				ENABLE_PREVIEWS = YES;
				INFOPLIST_FILE = iBerro/Info.plist;
				IPHONEOS_DEPLOYMENT_TARGET = 14.0;
				LD_RUNPATH_SEARCH_PATHS = (
					"$(inherited)",
					"@executable_path/Frameworks",
				);
				PRODUCT_BUNDLE_IDENTIFIER = br.ufpe.academy.iBerro;
				PRODUCT_NAME = "$(TARGET_NAME)";
				SWIFT_VERSION = 5.0;
				TARGETED_DEVICE_FAMILY = "1,2";
			};
			name = Release;
		};
		0CCF124A268DE429001175DB /* Debug */ = {
			isa = XCBuildConfiguration;
			buildSettings = {
				ALWAYS_EMBED_SWIFT_STANDARD_LIBRARIES = YES;
				BUNDLE_LOADER = "$(TEST_HOST)";
				CODE_SIGN_STYLE = Automatic;
				DEVELOPMENT_TEAM = KBDYNQ5FQB;
				INFOPLIST_FILE = iBerroTests/Info.plist;
				IPHONEOS_DEPLOYMENT_TARGET = 14.0;
				LD_RUNPATH_SEARCH_PATHS = (
					"$(inherited)",
					"@executable_path/Frameworks",
					"@loader_path/Frameworks",
				);
				PRODUCT_BUNDLE_IDENTIFIER = br.ufpe.academy.iBerroTests;
				PRODUCT_NAME = "$(TARGET_NAME)";
				SWIFT_VERSION = 5.0;
				TARGETED_DEVICE_FAMILY = "1,2";
				TEST_HOST = "$(BUILT_PRODUCTS_DIR)/iBerro.app/iBerro";
			};
			name = Debug;
		};
		0CCF124B268DE429001175DB /* Release */ = {
			isa = XCBuildConfiguration;
			buildSettings = {
				ALWAYS_EMBED_SWIFT_STANDARD_LIBRARIES = YES;
				BUNDLE_LOADER = "$(TEST_HOST)";
				CODE_SIGN_STYLE = Automatic;
				DEVELOPMENT_TEAM = KBDYNQ5FQB;
				INFOPLIST_FILE = iBerroTests/Info.plist;
				IPHONEOS_DEPLOYMENT_TARGET = 14.0;
				LD_RUNPATH_SEARCH_PATHS = (
					"$(inherited)",
					"@executable_path/Frameworks",
					"@loader_path/Frameworks",
				);
				PRODUCT_BUNDLE_IDENTIFIER = br.ufpe.academy.iBerroTests;
				PRODUCT_NAME = "$(TARGET_NAME)";
				SWIFT_VERSION = 5.0;
				TARGETED_DEVICE_FAMILY = "1,2";
				TEST_HOST = "$(BUILT_PRODUCTS_DIR)/iBerro.app/iBerro";
			};
			name = Release;
		};
		0CCF124D268DE429001175DB /* Debug */ = {
			isa = XCBuildConfiguration;
			buildSettings = {
				ALWAYS_EMBED_SWIFT_STANDARD_LIBRARIES = YES;
				CODE_SIGN_STYLE = Automatic;
				DEVELOPMENT_TEAM = KBDYNQ5FQB;
				INFOPLIST_FILE = iBerroUITests/Info.plist;
				LD_RUNPATH_SEARCH_PATHS = (
					"$(inherited)",
					"@executable_path/Frameworks",
					"@loader_path/Frameworks",
				);
				PRODUCT_BUNDLE_IDENTIFIER = br.ufpe.academy.iBerroUITests;
				PRODUCT_NAME = "$(TARGET_NAME)";
				SWIFT_VERSION = 5.0;
				TARGETED_DEVICE_FAMILY = "1,2";
				TEST_TARGET_NAME = iBerro;
			};
			name = Debug;
		};
		0CCF124E268DE429001175DB /* Release */ = {
			isa = XCBuildConfiguration;
			buildSettings = {
				ALWAYS_EMBED_SWIFT_STANDARD_LIBRARIES = YES;
				CODE_SIGN_STYLE = Automatic;
				DEVELOPMENT_TEAM = KBDYNQ5FQB;
				INFOPLIST_FILE = iBerroUITests/Info.plist;
				LD_RUNPATH_SEARCH_PATHS = (
					"$(inherited)",
					"@executable_path/Frameworks",
					"@loader_path/Frameworks",
				);
				PRODUCT_BUNDLE_IDENTIFIER = br.ufpe.academy.iBerroUITests;
				PRODUCT_NAME = "$(TARGET_NAME)";
				SWIFT_VERSION = 5.0;
				TARGETED_DEVICE_FAMILY = "1,2";
				TEST_TARGET_NAME = iBerro;
			};
			name = Release;
		};
/* End XCBuildConfiguration section */

/* Begin XCConfigurationList section */
		0CCF121C268DE426001175DB /* Build configuration list for PBXProject "iBerro" */ = {
			isa = XCConfigurationList;
			buildConfigurations = (
				0CCF1244268DE429001175DB /* Debug */,
				0CCF1245268DE429001175DB /* Release */,
			);
			defaultConfigurationIsVisible = 0;
			defaultConfigurationName = Release;
		};
		0CCF1246268DE429001175DB /* Build configuration list for PBXNativeTarget "iBerro" */ = {
			isa = XCConfigurationList;
			buildConfigurations = (
				0CCF1247268DE429001175DB /* Debug */,
				0CCF1248268DE429001175DB /* Release */,
			);
			defaultConfigurationIsVisible = 0;
			defaultConfigurationName = Release;
		};
		0CCF1249268DE429001175DB /* Build configuration list for PBXNativeTarget "iBerroTests" */ = {
			isa = XCConfigurationList;
			buildConfigurations = (
				0CCF124A268DE429001175DB /* Debug */,
				0CCF124B268DE429001175DB /* Release */,
			);
			defaultConfigurationIsVisible = 0;
			defaultConfigurationName = Release;
		};
		0CCF124C268DE429001175DB /* Build configuration list for PBXNativeTarget "iBerroUITests" */ = {
			isa = XCConfigurationList;
			buildConfigurations = (
				0CCF124D268DE429001175DB /* Debug */,
				0CCF124E268DE429001175DB /* Release */,
			);
			defaultConfigurationIsVisible = 0;
			defaultConfigurationName = Release;
		};
/* End XCConfigurationList section */
	};
	rootObject = 0CCF1219268DE426001175DB /* Project object */;
}
